
Microsoft Visual Studio Solution File, Format Version 12.00
# Visual Studio Version 17
VisualStudioVersion = 17.14.36623.8
MinimumVisualStudioVersion = 10.0.40219.1
Project("{FAE04EC0-301F-11D3-BF4B-00C04F79EFBC}") = "Railway.Core", "..\Railway.Core\Railway.Core.csproj", "{0EA2012A-32F3-418C-B60A-42F9168F5835}"
EndProject
Project("{FAE04EC0-301F-11D3-BF4B-00C04F79EFBC}") = "Railway.Api", "Railway.Api.New\Railway.Api.csproj", "{5EC2D0AA-3FE2-45DA-BC9D-4164AF44813B}"
EndProject
Global
	GlobalSection(SolutionConfigurationPlatforms) = preSolution
		Debug|Any CPU = Debug|Any CPU
		Release|Any CPU = Release|Any CPU
	EndGlobalSection
	GlobalSection(ProjectConfigurationPlatforms) = postSolution
		{0EA2012A-32F3-418C-B60A-42F9168F5835}.Debug|Any CPU.ActiveCfg = Debug|Any CPU
		{0EA2012A-32F3-418C-B60A-42F9168F5835}.Debug|Any CPU.Build.0 = Debug|Any CPU
		{0EA2012A-32F3-418C-B60A-42F9168F5835}.Release|Any CPU.ActiveCfg = Release|Any CPU
		{0EA2012A-32F3-418C-B60A-42F9168F5835}.Release|Any CPU.Build.0 = Release|Any CPU
		{5EC2D0AA-3FE2-45DA-BC9D-4164AF44813B}.Debug|Any CPU.ActiveCfg = Debug|Any CPU
		{5EC2D0AA-3FE2-45DA-BC9D-4164AF44813B}.Debug|Any CPU.Build.0 = Debug|Any CPU
		{5EC2D0AA-3FE2-45DA-BC9D-4164AF44813B}.Release|Any CPU.ActiveCfg = Release|Any CPU
		{5EC2D0AA-3FE2-45DA-BC9D-4164AF44813B}.Release|Any CPU.Build.0 = Release|Any CPU
	EndGlobalSection
	GlobalSection(SolutionProperties) = preSolution
		HideSolutionNode = FALSE
	EndGlobalSection
	GlobalSection(ExtensibilityGlobals) = postSolution
		SolutionGuid = {05BB5D0A-FFA3-4CE4-81FD-72C180423830}
	EndGlobalSection
EndGlobal
